
Microsoft Visual Studio Solution File, Format Version 12.00
# Visual Studio Version 17
VisualStudioVersion = 17.6.33829.357
MinimumVisualStudioVersion = 10.0.40219.1
Project("{FAE04EC0-301F-11D3-BF4B-00C04F79EFBC}") = "SocketClientProj", "SocketClientProj.csproj", "{887D14D1-12A2-4C84-9F96-18ED22E7EAE6}"
EndProject
Global
	GlobalSection(SolutionConfigurationPlatforms) = preSolution
		Debug|Any CPU = Debug|Any CPU
		Release|Any CPU = Release|Any CPU
	EndGlobalSection
	GlobalSection(ProjectConfigurationPlatforms) = postSolution
		{887D14D1-12A2-4C84-9F96-18ED22E7EAE6}.Debug|Any CPU.ActiveCfg = Debug|Any CPU
		{887D14D1-12A2-4C84-9F96-18ED22E7EAE6}.Debug|Any CPU.Build.0 = Debug|Any CPU
		{887D14D1-12A2-4C84-9F96-18ED22E7EAE6}.Release|Any CPU.ActiveCfg = Release|Any CPU
		{887D14D1-12A2-4C84-9F96-18ED22E7EAE6}.Release|Any CPU.Build.0 = Release|Any CPU
	EndGlobalSection
	GlobalSection(SolutionProperties) = preSolution
		HideSolutionNode = FALSE
	EndGlobalSection
	GlobalSection(ExtensibilityGlobals) = postSolution
		SolutionGuid = {B6394D6E-8AE7-4FAE-A8D3-D21D2246A96B}
	EndGlobalSection
EndGlobal
